
Microsoft Visual Studio Solution File, Format Version 12.00
# Visual Studio Version 16
VisualStudioVersion = 16.0.28315.86
MinimumVisualStudioVersion = 10.0.40219.1
Project("{9A19103F-16F7-4668-BE54-9A1E7A4F7556}") = "MyWinFormsApp", "MyWinFormsApp.csproj", "{78CE3BB6-0B8E-4E4C-A4F6-056E830F942B}"
EndProject
Global
	GlobalSection(SolutionConfigurationPlatforms) = preSolution
		Debug|Any CPU = Debug|Any CPU
		Release|Any CPU = Release|Any CPU
	EndGlobalSection
	GlobalSection(ProjectConfigurationPlatforms) = postSolution
		{78CE3BB6-0B8E-4E4C-A4F6-056E830F942B}.Debug|Any CPU.ActiveCfg = Debug|Any CPU
		{78CE3BB6-0B8E-4E4C-A4F6-056E830F942B}.Debug|Any CPU.Build.0 = Debug|Any CPU
		{78CE3BB6-0B8E-4E4C-A4F6-056E830F942B}.Release|Any CPU.ActiveCfg = Release|Any CPU
		{78CE3BB6-0B8E-4E4C-A4F6-056E830F942B}.Release|Any CPU.Build.0 = Release|Any CPU
	EndGlobalSection
	GlobalSection(SolutionProperties) = preSolution
		HideSolutionNode = FALSE
	EndGlobalSection
	GlobalSection(ExtensibilityGlobals) = postSolution
		SolutionGuid = {B43C2504-B313-4A1E-BA13-0F4EB0BB7ACB}
	EndGlobalSection
EndGlobal
